PODS:
  - Alamofire (4.8.1)
  - Cosmos (8.0.2)
  - SDWebImage (4.4.6):
    - SDWebImage/Core (= 4.4.6)
  - SDWebImage/Core (4.4.6)

DEPENDENCIES:
  - Alamofire
  - Cosmos (from `https://github.com/marketplacer/Cosmos.git`, tag `8.0.2`)
  - SDWebImage

SPEC REPOS:
  https://github.com/cocoapods/specs.git:
    - Alamofire
    - SDWebImage

EXTERNAL SOURCES:
  Cosmos:
    :git: https://github.com/marketplacer/Cosmos.git
    :tag: 8.0.2

CHECKOUT OPTIONS:
  Cosmos:
    :git: https://github.com/marketplacer/Cosmos.git
    :tag: 8.0.2

SPEC CHECKSUMS:
  Alamofire: 16ce2c353fb72865124ddae8a57c5942388f4f11
  Cosmos: 83d7e1c5289839a954dfa45376a11e9a9cef0a13
  SDWebImage: 3f3f0c02f09798048c47a5ed0a13f17b063572d8

PODFILE CHECKSUM: 316936e8d834a956faa19872bc390fd35e348c63

COCOAPODS: 1.6.1
